{
  "name": "aculect-hugeicons-build",
  "version": "1.0.0",
  "lockfileVersion": 2,
  "requires": true,
  "packages": {
    "": {
      "name": "aculect-hugeicons-build",
      "version": "1.0.0",
      "dependencies": {
        "acorn": "8.18.0",
        "pathkit-wasm": "1.0.0",
        "svgpath": "2.6.0"
      }
    },
    "node_modules/acorn": {
      "version": "8.18.0",
      "resolved": "https://registry.npmjs.org/acorn/-/acorn-8.18.0.tgz",
      "integrity": "sha512-lGq+9yr1/GuAWaVYIHRjvvySG5/4VfKIvC8EWxStPdcDh/Ka7FG3twP6v4d5BkravUilhIAsG4Qj83t02LWUPQ==",
      "bin": {
        "acorn": "bin/acorn"
      },
      "engines": {
        "node": ">=0.4.0"
      }
    },
    "node_modules/pathkit-wasm": {
      "version": "1.0.0",
      "resolved": "https://registry.npmjs.org/pathkit-wasm/-/pathkit-wasm-1.0.0.tgz",
      "integrity": "sha512-oREIcGpwnBBto6PfB3C20aIw9jBPLcSNVF1AlL5tGlXsoL2zqWVuD0mi8WMJQHHNemm6aR1hHH2lz+TO551Fgw=="
    },
    "node_modules/svgpath": {
      "version": "2.6.0",
      "resolved": "https://registry.npmjs.org/svgpath/-/svgpath-2.6.0.tgz",
      "integrity": "sha512-OIWR6bKzXvdXYyO4DK/UWa1VA1JeKq8E+0ug2DG98Y/vOmMpfZNj+TIG988HjfYSqtcy/hFOtZq/n/j5GSESNg==",
      "funding": {
        "url": "https://github.com/fontello/svg2ttf?sponsor=1"
      }
    }
  },
  "dependencies": {
    "acorn": {
      "version": "8.18.0",
      "resolved": "https://registry.npmjs.org/acorn/-/acorn-8.18.0.tgz",
      "integrity": "sha512-lGq+9yr1/GuAWaVYIHRjvvySG5/4VfKIvC8EWxStPdcDh/Ka7FG3twP6v4d5BkravUilhIAsG4Qj83t02LWUPQ=="
    },
    "pathkit-wasm": {
      "version": "1.0.0",
      "resolved": "https://registry.npmjs.org/pathkit-wasm/-/pathkit-wasm-1.0.0.tgz",
      "integrity": "sha512-oREIcGpwnBBto6PfB3C20aIw9jBPLcSNVF1AlL5tGlXsoL2zqWVuD0mi8WMJQHHNemm6aR1hHH2lz+TO551Fgw=="
    },
    "svgpath": {
      "version": "2.6.0",
      "resolved": "https://registry.npmjs.org/svgpath/-/svgpath-2.6.0.tgz",
      "integrity": "sha512-OIWR6bKzXvdXYyO4DK/UWa1VA1JeKq8E+0ug2DG98Y/vOmMpfZNj+TIG988HjfYSqtcy/hFOtZq/n/j5GSESNg=="
    }
  }
}
